
Microsoft Visual Studio Solution File, Format Version 12.00
# Visual Studio 15
VisualStudioVersion = 15.0.26228.9
MinimumVisualStudioVersion = 10.0.40219.1
Project("{FAE04EC0-301F-11D3-BF4B-00C04F79EFBC}") = "Net45", "Net45\Net45.csproj", "{BA1DCACB-99B3-49DB-9A06-A641205D25E6}"
EndProject
Project("{D954291E-2A0B-460D-934E-DC6B0785DB48}") = "UsbEject", "UsbEject\UsbEject.shproj", "{C2246CDE-CA85-42F5-A139-BE4ED68DF978}"
EndProject
Global
	GlobalSection(SolutionConfigurationPlatforms) = preSolution
		Debug|Any CPU = Debug|Any CPU
		Release|Any CPU = Release|Any CPU
	EndGlobalSection
	GlobalSection(ProjectConfigurationPlatforms) = postSolution
		{BA1DCACB-99B3-49DB-9A06-A641205D25E6}.Debug|Any CPU.ActiveCfg = Debug|Any CPU
		{BA1DCACB-99B3-49DB-9A06-A641205D25E6}.Debug|Any CPU.Build.0 = Debug|Any CPU
		{BA1DCACB-99B3-49DB-9A06-A641205D25E6}.Release|Any CPU.ActiveCfg = Release|Any CPU
		{BA1DCACB-99B3-49DB-9A06-A641205D25E6}.Release|Any CPU.Build.0 = Release|Any CPU
	EndGlobalSection
	GlobalSection(SolutionProperties) = preSolution
		HideSolutionNode = FALSE
	EndGlobalSection
EndGlobal
